// !$*UTF8*$!
{
	archiveVersion = 1;
	classes = {
	};
	objectVersion = 45;
	objects = {

/* Begin PBXBuildFile section */
		3EEF3FC511D3B2C2005FBAF1 /* AlertCautionIcon.icns in Resources */ = {isa = PBXBuildFile; fileRef = 3EEF3FC211D3B2C2005FBAF1 /* AlertCautionIcon.icns */; };
		3EEF3FC611D3B2C2005FBAF1 /* AlertNoteIcon.icns in Resources */ = {isa = PBXBuildFile; fileRef = 3EEF3FC311D3B2C2005FBAF1 /* AlertNoteIcon.icns */; };
		3EEF3FC711D3B2C2005FBAF1 /* AlertStopIcon.icns in Resources */ = {isa = PBXBuildFile; fileRef = 3EEF3FC411D3B2C2005FBAF1 /* AlertStopIcon.icns */; };
		3EEF425911D410EE005FBAF1 /* OpenDirectory.framework in Frameworks */ = {isa = PBXBuildFile; fileRef = 3EEF425811D410EE005FBAF1 /* OpenDirectory.framework */; };
		8D202CEA0486D31800D8A456 /* PassengerPaneCocoa_Prefix.pch in Headers */ = {isa = PBXBuildFile; fileRef = 32DBCFA20370C41700C91783 /* PassengerPaneCocoa_Prefix.pch */; };
		8D202CEB0486D31800D8A456 /* PassengerPaneCocoaPref.h in Headers */ = {isa = PBXBuildFile; fileRef = F506C03C013D9D7901CA16C8 /* PassengerPaneCocoaPref.h */; };
		8D202CED0486D31800D8A456 /* InfoPlist.strings in Resources */ = {isa = PBXBuildFile; fileRef = 089C167DFE841241C02AAC07 /* InfoPlist.strings */; };
		8D202CEE0486D31800D8A456 /* PassengerPaneCocoaPref.tiff in Resources */ = {isa = PBXBuildFile; fileRef = F506C040013D9D8001CA16C8 /* PassengerPaneCocoaPref.tiff */; };
		8D202CEF0486D31800D8A456 /* PassengerPaneCocoaPref.xib in Resources */ = {isa = PBXBuildFile; fileRef = F506C042013D9D8C01CA16C8 /* PassengerPaneCocoaPref.xib */; };
		8D202CF10486D31800D8A456 /* PassengerPaneCocoaPref.m in Sources */ = {isa = PBXBuildFile; fileRef = F506C03D013D9D7901CA16C8 /* PassengerPaneCocoaPref.m */; };
		8D202CF30486D31800D8A456 /* Cocoa.framework in Frameworks */ = {isa = PBXBuildFile; fileRef = 1058C7ADFEA557BF11CA2CBB /* Cocoa.framework */; };
		8D202CF40486D31800D8A456 /* PreferencePanes.framework in Frameworks */ = {isa = PBXBuildFile; fileRef = F506C035013D953901CA16C8 /* PreferencePanes.framework */; };
		990BC5D611D43B8900CD37C0 /* Security.framework in Frameworks */ = {isa = PBXBuildFile; fileRef = 990BC5D511D43B8900CD37C0 /* Security.framework */; };
		990CB30D11D30EA400B21EE0 /* PassengerController.h in Headers */ = {isa = PBXBuildFile; fileRef = 990CB30B11D30EA400B21EE0 /* PassengerController.h */; };
		990CB30E11D30EA400B21EE0 /* PassengerController.m in Sources */ = {isa = PBXBuildFile; fileRef = 990CB30C11D30EA400B21EE0 /* PassengerController.m */; };
		990CB31411D30F1900B21EE0 /* PassengerApplication.h in Headers */ = {isa = PBXBuildFile; fileRef = 990CB31211D30F1900B21EE0 /* PassengerApplication.h */; };
		990CB31511D30F1900B21EE0 /* PassengerApplication.m in Sources */ = {isa = PBXBuildFile; fileRef = 990CB31311D30F1900B21EE0 /* PassengerApplication.m */; };
/* End PBXBuildFile section */

/* Begin PBXFileReference section */
		089C1672FE841209C02AAC07 /* Foundation.framework */ = {isa = PBXFileReference; lastKnownFileType = wrapper.framework; name = Foundation.framework; path = /System/Library/Frameworks/Foundation.framework; sourceTree = "<absolute>"; };
		089C167EFE841241C02AAC07 /* English */ = {isa = PBXFileReference; fileEncoding = 10; lastKnownFileType = text.plist.strings; name = English; path = English.lproj/InfoPlist.strings; sourceTree = "<group>"; };
		089C167FFE841241C02AAC07 /* AppKit.framework */ = {isa = PBXFileReference; lastKnownFileType = wrapper.framework; name = AppKit.framework; path = /System/Library/Frameworks/AppKit.framework; sourceTree = "<absolute>"; };
		1058C7ADFEA557BF11CA2CBB /* Cocoa.framework */ = {isa = PBXFileReference; lastKnownFileType = wrapper.framework; name = Cocoa.framework; path = /System/Library/Frameworks/Cocoa.framework; sourceTree = "<absolute>"; };
		32DBCFA20370C41700C91783 /* PassengerPaneCocoa_Prefix.pch */ = {isa = PBXFileReference; fileEncoding = 4; lastKnownFileType = sourcecode.c.h; path = PassengerPaneCocoa_Prefix.pch; sourceTree = "<group>"; };
		3EEF3FC211D3B2C2005FBAF1 /* AlertCautionIcon.icns */ = {isa = PBXFileReference; lastKnownFileType = image.icns; path = AlertCautionIcon.icns; sourceTree = "<group>"; };
		3EEF3FC311D3B2C2005FBAF1 /* AlertNoteIcon.icns */ = {isa = PBXFileReference; lastKnownFileType = image.icns; path = AlertNoteIcon.icns; sourceTree = "<group>"; };
		3EEF3FC411D3B2C2005FBAF1 /* AlertStopIcon.icns */ = {isa = PBXFileReference; lastKnownFileType = image.icns; path = AlertStopIcon.icns; sourceTree = "<group>"; };
		3EEF425811D410EE005FBAF1 /* OpenDirectory.framework */ = {isa = PBXFileReference; lastKnownFileType = wrapper.framework; name = OpenDirectory.framework; path = System/Library/Frameworks/OpenDirectory.framework; sourceTree = SDKROOT; };
		8D202CF70486D31800D8A456 /* Info.plist */ = {isa = PBXFileReference; fileEncoding = 4; lastKnownFileType = text.plist; path = Info.plist; sourceTree = "<group>"; };
		8D202CF80486D31800D8A456 /* PassengerPaneCocoa.prefPane */ = {isa = PBXFileReference; explicitFileType = wrapper.cfbundle; includeInIndex = 0; path = PassengerPaneCocoa.prefPane; sourceTree = BUILT_PRODUCTS_DIR; };
		990BC5D511D43B8900CD37C0 /* Security.framework */ = {isa = PBXFileReference; lastKnownFileType = wrapper.framework; name = Security.framework; path = System/Library/Frameworks/Security.framework; sourceTree = SDKROOT; };
		990BC78A11D4578600CD37C0 /* apache_passengerpanecocoa.conf */ = {isa = PBXFileReference; fileEncoding = 4; lastKnownFileType = text; path = apache_passengerpanecocoa.conf; sourceTree = "<group>"; };
		990CB30B11D30EA400B21EE0 /* PassengerController.h */ = {isa = PBXFileReference; fileEncoding = 4; lastKnownFileType = sourcecode.c.h; path = PassengerController.h; sourceTree = "<group>"; };
		990CB30C11D30EA400B21EE0 /* PassengerController.m */ = {isa = PBXFileReference; fileEncoding = 4; lastKnownFileType = sourcecode.c.objc; path = PassengerController.m; sourceTree = "<group>"; };
		990CB31211D30F1900B21EE0 /* PassengerApplication.h */ = {isa = PBXFileReference; fileEncoding = 4; lastKnownFileType = sourcecode.c.h; path = PassengerApplication.h; sourceTree = "<group>"; };
		990CB31311D30F1900B21EE0 /* PassengerApplication.m */ = {isa = PBXFileReference; fileEncoding = 4; lastKnownFileType = sourcecode.c.objc; path = PassengerApplication.m; sourceTree = "<group>"; };
		990CB36311D316AF00B21EE0 /* SecurityHelper.h */ = {isa = PBXFileReference; fileEncoding = 4; lastKnownFileType = sourcecode.c.h; path = SecurityHelper.h; sourceTree = "<group>"; };
		990CB36411D316AF00B21EE0 /* SecurityHelper.m */ = {isa = PBXFileReference; fileEncoding = 4; lastKnownFileType = sourcecode.c.objc; path = SecurityHelper.m; sourceTree = "<group>"; };
		F506C035013D953901CA16C8 /* PreferencePanes.framework */ = {isa = PBXFileReference; lastKnownFileType = wrapper.framework; name = PreferencePanes.framework; path = /System/Library/Frameworks/PreferencePanes.framework; sourceTree = "<absolute>"; };
		F506C03C013D9D7901CA16C8 /* PassengerPaneCocoaPref.h */ = {isa = PBXFileReference; fileEncoding = 4; lastKnownFileType = sourcecode.c.h; path = PassengerPaneCocoaPref.h; sourceTree = "<group>"; };
		F506C03D013D9D7901CA16C8 /* PassengerPaneCocoaPref.m */ = {isa = PBXFileReference; fileEncoding = 4; lastKnownFileType = sourcecode.c.objc; path = PassengerPaneCocoaPref.m; sourceTree = "<group>"; };
		F506C040013D9D8001CA16C8 /* PassengerPaneCocoaPref.tiff */ = {isa = PBXFileReference; lastKnownFileType = image.tiff; path = PassengerPaneCocoaPref.tiff; sourceTree = "<group>"; };
		F506C043013D9D8C01CA16C8 /* English */ = {isa = PBXFileReference; lastKnownFileType = file.xib; name = English; path = English.lproj/PassengerPaneCocoaPref.xib; sourceTree = "<group>"; };
/* End PBXFileReference section */

/* Begin PBXFrameworksBuildPhase section */
		8D202CF20486D31800D8A456 /* Frameworks */ = {
			isa = PBXFrameworksBuildPhase;
			buildActionMask = 2147483647;
			files = (
				8D202CF30486D31800D8A456 /* Cocoa.framework in Frameworks */,
				8D202CF40486D31800D8A456 /* PreferencePanes.framework in Frameworks */,
				3EEF425911D410EE005FBAF1 /* OpenDirectory.framework in Frameworks */,
				990BC5D611D43B8900CD37C0 /* Security.framework in Frameworks */,
			);
			runOnlyForDeploymentPostprocessing = 0;
		};
/* End PBXFrameworksBuildPhase section */

/* Begin PBXGroup section */
		089C166AFE841209C02AAC07 /* PassengerPaneCocoa */ = {
			isa = PBXGroup;
			children = (
				08FB77AFFE84173DC02AAC07 /* Classes */,
				32DBCFA10370C40200C91783 /* Other Sources */,
				089C167CFE841241C02AAC07 /* Resources */,
				089C1671FE841209C02AAC07 /* Frameworks and Libraries */,
				19C28FB8FE9D52D311CA2CBB /* Products */,
				3EEF425811D410EE005FBAF1 /* OpenDirectory.framework */,
				990BC5D511D43B8900CD37C0 /* Security.framework */,
			);
			name = PassengerPaneCocoa;
			sourceTree = "<group>";
		};
		089C1671FE841209C02AAC07 /* Frameworks and Libraries */ = {
			isa = PBXGroup;
			children = (
				1058C7ACFEA557BF11CA2CBB /* Linked Frameworks */,
				1058C7AEFEA557BF11CA2CBB /* Other Frameworks */,
			);
			name = "Frameworks and Libraries";
			sourceTree = "<group>";
		};
		089C167CFE841241C02AAC07 /* Resources */ = {
			isa = PBXGroup;
			children = (
				990BC78A11D4578600CD37C0 /* apache_passengerpanecocoa.conf */,
				3EEF3FC211D3B2C2005FBAF1 /* AlertCautionIcon.icns */,
				3EEF3FC311D3B2C2005FBAF1 /* AlertNoteIcon.icns */,
				3EEF3FC411D3B2C2005FBAF1 /* AlertStopIcon.icns */,
				8D202CF70486D31800D8A456 /* Info.plist */,
				089C167DFE841241C02AAC07 /* InfoPlist.strings */,
				F506C040013D9D8001CA16C8 /* PassengerPaneCocoaPref.tiff */,
				F506C042013D9D8C01CA16C8 /* PassengerPaneCocoaPref.xib */,
			);
			name = Resources;
			sourceTree = "<group>";
		};
		08FB77AFFE84173DC02AAC07 /* Classes */ = {
			isa = PBXGroup;
			children = (
				990CB30B11D30EA400B21EE0 /* PassengerController.h */,
				990CB30C11D30EA400B21EE0 /* PassengerController.m */,
				990CB31211D30F1900B21EE0 /* PassengerApplication.h */,
				990CB31311D30F1900B21EE0 /* PassengerApplication.m */,
				F506C03C013D9D7901CA16C8 /* PassengerPaneCocoaPref.h */,
				F506C03D013D9D7901CA16C8 /* PassengerPaneCocoaPref.m */,
				990CB36311D316AF00B21EE0 /* SecurityHelper.h */,
				990CB36411D316AF00B21EE0 /* SecurityHelper.m */,
			);
			name = Classes;
			sourceTree = "<group>";
		};
		1058C7ACFEA557BF11CA2CBB /* Linked Frameworks */ = {
			isa = PBXGroup;
			children = (
				1058C7ADFEA557BF11CA2CBB /* Cocoa.framework */,
				F506C035013D953901CA16C8 /* PreferencePanes.framework */,
			);
			name = "Linked Frameworks";
			sourceTree = "<group>";
		};
		1058C7AEFEA557BF11CA2CBB /* Other Frameworks */ = {
			isa = PBXGroup;
			children = (
				089C1672FE841209C02AAC07 /* Foundation.framework */,
				089C167FFE841241C02AAC07 /* AppKit.framework */,
			);
			name = "Other Frameworks";
			sourceTree = "<group>";
		};
		19C28FB8FE9D52D311CA2CBB /* Products */ = {
			isa = PBXGroup;
			children = (
				8D202CF80486D31800D8A456 /* PassengerPaneCocoa.prefPane */,
			);
			name = Products;
			sourceTree = "<group>";
		};
		32DBCFA10370C40200C91783 /* Other Sources */ = {
			isa = PBXGroup;
			children = (
				32DBCFA20370C41700C91783 /* PassengerPaneCocoa_Prefix.pch */,
			);
			name = "Other Sources";
			sourceTree = "<group>";
		};
/* End PBXGroup section */

/* Begin PBXHeadersBuildPhase section */
		8D202CE90486D31800D8A456 /* Headers */ = {
			isa = PBXHeadersBuildPhase;
			buildActionMask = 2147483647;
			files = (
				8D202CEA0486D31800D8A456 /* PassengerPaneCocoa_Prefix.pch in Headers */,
				8D202CEB0486D31800D8A456 /* PassengerPaneCocoaPref.h in Headers */,
				990CB30D11D30EA400B21EE0 /* PassengerController.h in Headers */,
				990CB31411D30F1900B21EE0 /* PassengerApplication.h in Headers */,
			);
			runOnlyForDeploymentPostprocessing = 0;
		};
/* End PBXHeadersBuildPhase section */

/* Begin PBXNativeTarget section */
		8D202CE80486D31800D8A456 /* PassengerPaneCocoa */ = {
			isa = PBXNativeTarget;
			buildConfigurationList = 1DBD214808BA80EA00186707 /* Build configuration list for PBXNativeTarget "PassengerPaneCocoa" */;
			buildPhases = (
				8D202CE90486D31800D8A456 /* Headers */,
				8D202CEC0486D31800D8A456 /* Resources */,
				8D202CF00486D31800D8A456 /* Sources */,
				8D202CF20486D31800D8A456 /* Frameworks */,
				8D202CF50486D31800D8A456 /* Rez */,
			);
			buildRules = (
			);
			dependencies = (
			);
			name = PassengerPaneCocoa;
			productInstallPath = "$(HOME)/Library/PreferencePanes";
			productName = PassengerPaneCocoa;
			productReference = 8D202CF80486D31800D8A456 /* PassengerPaneCocoa.prefPane */;
			productType = "com.apple.product-type.bundle";
		};
/* End PBXNativeTarget section */

/* Begin PBXProject section */
		089C1669FE841209C02AAC07 /* Project object */ = {
			isa = PBXProject;
			buildConfigurationList = 1DBD214C08BA80EA00186707 /* Build configuration list for PBXProject "PassengerPaneCocoa" */;
			compatibilityVersion = "Xcode 3.1";
			hasScannedForEncodings = 1;
			mainGroup = 089C166AFE841209C02AAC07 /* PassengerPaneCocoa */;
			projectDirPath = "";
			projectRoot = "";
			targets = (
				8D202CE80486D31800D8A456 /* PassengerPaneCocoa */,
			);
		};
/* End PBXProject section */

/* Begin PBXResourcesBuildPhase section */
		8D202CEC0486D31800D8A456 /* Resources */ = {
			isa = PBXResourcesBuildPhase;
			buildActionMask = 2147483647;
			files = (
				8D202CED0486D31800D8A456 /* InfoPlist.strings in Resources */,
				8D202CEE0486D31800D8A456 /* PassengerPaneCocoaPref.tiff in Resources */,
				8D202CEF0486D31800D8A456 /* PassengerPaneCocoaPref.xib in Resources */,
				3EEF3FC511D3B2C2005FBAF1 /* AlertCautionIcon.icns in Resources */,
				3EEF3FC611D3B2C2005FBAF1 /* AlertNoteIcon.icns in Resources */,
				3EEF3FC711D3B2C2005FBAF1 /* AlertStopIcon.icns in Resources */,
			);
			runOnlyForDeploymentPostprocessing = 0;
		};
/* End PBXResourcesBuildPhase section */

/* Begin PBXRezBuildPhase section */
		8D202CF50486D31800D8A456 /* Rez */ = {
			isa = PBXRezBuildPhase;
			buildActionMask = 2147483647;
			files = (
			);
			runOnlyForDeploymentPostprocessing = 0;
		};
/* End PBXRezBuildPhase section */

/* Begin PBXSourcesBuildPhase section */
		8D202CF00486D31800D8A456 /* Sources */ = {
			isa = PBXSourcesBuildPhase;
			buildActionMask = 2147483647;
			files = (
				8D202CF10486D31800D8A456 /* PassengerPaneCocoaPref.m in Sources */,
				990CB30E11D30EA400B21EE0 /* PassengerController.m in Sources */,
				990CB31511D30F1900B21EE0 /* PassengerApplication.m in Sources */,
			);
			runOnlyForDeploymentPostprocessing = 0;
		};
/* End PBXSourcesBuildPhase section */

/* Begin PBXVariantGroup section */
		089C167DFE841241C02AAC07 /* InfoPlist.strings */ = {
			isa = PBXVariantGroup;
			children = (
				089C167EFE841241C02AAC07 /* English */,
			);
			name = InfoPlist.strings;
			sourceTree = "<group>";
		};
		F506C042013D9D8C01CA16C8 /* PassengerPaneCocoaPref.xib */ = {
			isa = PBXVariantGroup;
			children = (
				F506C043013D9D8C01CA16C8 /* English */,
			);
			name = PassengerPaneCocoaPref.xib;
			sourceTree = "<group>";
		};
/* End PBXVariantGroup section */

/* Begin XCBuildConfiguration section */
		1DBD214908BA80EA00186707 /* Debug */ = {
			isa = XCBuildConfiguration;
			buildSettings = {
				COPY_PHASE_STRIP = NO;
				GCC_DYNAMIC_NO_PIC = NO;
				GCC_ENABLE_FIX_AND_CONTINUE = YES;
				GCC_MODEL_TUNING = G5;
				GCC_OPTIMIZATION_LEVEL = 0;
				GCC_PRECOMPILE_PREFIX_HEADER = YES;
				GCC_PREFIX_HEADER = PassengerPaneCocoa_Prefix.pch;
				INFOPLIST_FILE = Info.plist;
				INSTALL_PATH = "$(HOME)/Library/PreferencePanes";
				PRODUCT_NAME = PassengerPaneCocoa;
				WRAPPER_EXTENSION = prefPane;
				ZERO_LINK = YES;
			};
			name = Debug;
		};
		1DBD214A08BA80EA00186707 /* Release */ = {
			isa = XCBuildConfiguration;
			buildSettings = {
				DEBUG_INFORMATION_FORMAT = "dwarf-with-dsym";
				GCC_MODEL_TUNING = G5;
				GCC_PRECOMPILE_PREFIX_HEADER = YES;
				GCC_PREFIX_HEADER = PassengerPaneCocoa_Prefix.pch;
				INFOPLIST_FILE = Info.plist;
				INSTALL_PATH = "$(HOME)/Library/PreferencePanes";
				PRODUCT_NAME = PassengerPaneCocoa;
				WRAPPER_EXTENSION = prefPane;
			};
			name = Release;
		};
		1DBD214D08BA80EA00186707 /* Debug */ = {
			isa = XCBuildConfiguration;
			buildSettings = {
				ARCHS = "$(ARCHS_STANDARD_32_64_BIT)";
				GCC_C_LANGUAGE_STANDARD = gnu99;
				GCC_ENABLE_OBJC_GC = required;
				GCC_WARN_ABOUT_RETURN_TYPE = YES;
				GCC_WARN_UNUSED_VARIABLE = YES;
				ONLY_ACTIVE_ARCH = YES;
				PREBINDING = NO;
				SDKROOT = macosx10.6;
				VALID_ARCHS = "i386 ppc x86_64";
			};
			name = Debug;
		};
		1DBD214E08BA80EA00186707 /* Release */ = {
			isa = XCBuildConfiguration;
			buildSettings = {
				ARCHS = "$(ARCHS_STANDARD_32_64_BIT)";
				GCC_C_LANGUAGE_STANDARD = gnu99;
				GCC_ENABLE_OBJC_GC = required;
				GCC_WARN_ABOUT_RETURN_TYPE = YES;
				GCC_WARN_UNUSED_VARIABLE = YES;
				PREBINDING = NO;
				SDKROOT = macosx10.6;
				VALID_ARCHS = "i386 ppc x86_64";
			};
			name = Release;
		};
/* End XCBuildConfiguration section */

/* Begin XCConfigurationList section */
		1DBD214808BA80EA00186707 /* Build configuration list for PBXNativeTarget "PassengerPaneCocoa" */ = {
			isa = XCConfigurationList;
			buildConfigurations = (
				1DBD214908BA80EA00186707 /* Debug */,
				1DBD214A08BA80EA00186707 /* Release */,
			);
			defaultConfigurationIsVisible = 0;
			defaultConfigurationName = Release;
		};
		1DBD214C08BA80EA00186707 /* Build configuration list for PBXProject "PassengerPaneCocoa" */ = {
			isa = XCConfigurationList;
			buildConfigurations = (
				1DBD214D08BA80EA00186707 /* Debug */,
				1DBD214E08BA80EA00186707 /* Release */,
			);
			defaultConfigurationIsVisible = 0;
			defaultConfigurationName = Release;
		};
/* End XCConfigurationList section */
	};
	rootObject = 089C1669FE841209C02AAC07 /* Project object */;
}
